
Microsoft Visual Studio Solution File, Format Version 12.00
# Visual Studio 2015
Project("{FAE04EC0-301F-11D3-BF4B-00C04F79EFBC}") = "Pre_Alpha.CSharp", "Pre_Alpha.CSharp.csproj", "{8FFDA6C7-6449-5BF9-9F28-C845409B1C54}"
EndProject
Project("{FAE04EC0-301F-11D3-BF4B-00C04F79EFBC}") = "Pre_Alpha.CSharp.Editor", "Pre_Alpha.CSharp.Editor.csproj", "{20601D06-A7AA-3A99-33EF-C1385D63F9FF}"
EndProject
Global
	GlobalSection(SolutionConfigurationPlatforms) = preSolution
		Debug|Any CPU = Debug|Any CPU
		Release|Any CPU = Release|Any CPU
	EndGlobalSection
	GlobalSection(ProjectConfigurationPlatforms) = postSolution
		{8FFDA6C7-6449-5BF9-9F28-C845409B1C54}.Debug|Any CPU.ActiveCfg = Debug|Any CPU
		{8FFDA6C7-6449-5BF9-9F28-C845409B1C54}.Debug|Any CPU.Build.0 = Debug|Any CPU
		{8FFDA6C7-6449-5BF9-9F28-C845409B1C54}.Release|Any CPU.ActiveCfg = Release|Any CPU
		{8FFDA6C7-6449-5BF9-9F28-C845409B1C54}.Release|Any CPU.Build.0 = Release|Any CPU
		{20601D06-A7AA-3A99-33EF-C1385D63F9FF}.Debug|Any CPU.ActiveCfg = Debug|Any CPU
		{20601D06-A7AA-3A99-33EF-C1385D63F9FF}.Debug|Any CPU.Build.0 = Debug|Any CPU
		{20601D06-A7AA-3A99-33EF-C1385D63F9FF}.Release|Any CPU.ActiveCfg = Release|Any CPU
		{20601D06-A7AA-3A99-33EF-C1385D63F9FF}.Release|Any CPU.Build.0 = Release|Any CPU
	EndGlobalSection
	GlobalSection(SolutionProperties) = preSolution
		HideSolutionNode = FALSE
	EndGlobalSection
EndGlobal
